<?xml version="1.0" encoding="UTF-8"?>
<!DOCTYPE plist PUBLIC "-//Apple//DTD PLIST 1.0//EN" "http://www.apple.com/DTDs/PropertyList-1.0.dtd">
<plist version="1.0">
<dict>
	<key>archiveVersion</key>
	<string>1</string>
	<key>classes</key>
	<dict/>
	<key>objectVersion</key>
	<string>46</string>
	<key>objects</key>
	<dict>
		<key>00F7C41A1A3F46B29C2732F2</key>
		<dict>
			<key>buildActionMask</key>
			<string>2147483647</string>
			<key>files</key>
			<array/>
			<key>inputPaths</key>
			<array/>
			<key>isa</key>
			<string>PBXShellScriptBuildPhase</string>
			<key>name</key>
			<string>Copy Pods Resources</string>
			<key>outputPaths</key>
			<array/>
			<key>runOnlyForDeploymentPostprocessing</key>
			<string>0</string>
			<key>shellPath</key>
			<string>/bin/sh</string>
			<key>shellScript</key>
			<string>"${SRCROOT}/Pods/Target Support Files/Pods-ConstraintFormatterTests/Pods-ConstraintFormatterTests-resources.sh"
</string>
			<key>showEnvVarsInLog</key>
			<string>0</string>
		</dict>
		<key>02C2E8FD29734CA58B3FAA8C</key>
		<dict>
			<key>fileRef</key>
			<string>F2154A7C12A94A30B1C22264</string>
			<key>isa</key>
			<string>PBXBuildFile</string>
		</dict>
		<key>0831E347460FC3EECDBAD36E</key>
		<dict>
			<key>children</key>
			<array>
				<string>11AB404804E29E9BA3085F93</string>
				<string>D676631CAB57904158DA563D</string>
				<string>6D7B6F3EA921303E9F6DFC20</string>
				<string>BE7E0D1A1CD1606A1356C8D6</string>
			</array>
			<key>isa</key>
			<string>PBXGroup</string>
			<key>name</key>
			<string>Pods</string>
			<key>sourceTree</key>
			<string>&lt;group&gt;</string>
		</dict>
		<key>11AB404804E29E9BA3085F93</key>
		<dict>
			<key>includeInIndex</key>
			<string>1</string>
			<key>isa</key>
			<string>PBXFileReference</string>
			<key>lastKnownFileType</key>
			<string>text.xcconfig</string>
			<key>name</key>
			<string>Pods.debug.xcconfig</string>
			<key>path</key>
			<string>Pods/Target Support Files/Pods/Pods.debug.xcconfig</string>
			<key>sourceTree</key>
			<string>&lt;group&gt;</string>
		</dict>
		<key>11CB7A98180C338C0036D37A</key>
		<dict>
			<key>children</key>
			<array>
				<string>11CB7AAA180C338C0036D37A</string>
				<string>11CB7AC3180C338C0036D37A</string>
				<string>11CB7AA3180C338C0036D37A</string>
				<string>11CB7AA2180C338C0036D37A</string>
				<string>0831E347460FC3EECDBAD36E</string>
			</array>
			<key>isa</key>
			<string>PBXGroup</string>
			<key>sourceTree</key>
			<string>&lt;group&gt;</string>
		</dict>
		<key>11CB7A99180C338C0036D37A</key>
		<dict>
			<key>attributes</key>
			<dict>
				<key>LastUpgradeCheck</key>
				<string>0500</string>
				<key>ORGANIZATIONNAME</key>
				<string>Gabriel Reis</string>
				<key>TargetAttributes</key>
				<dict>
					<key>11CB7ABB180C338C0036D37A</key>
					<dict>
						<key>TestTargetID</key>
						<string>11CB7AA0180C338C0036D37A</string>
					</dict>
				</dict>
			</dict>
			<key>buildConfigurationList</key>
			<string>11CB7A9C180C338C0036D37A</string>
			<key>compatibilityVersion</key>
			<string>Xcode 3.2</string>
			<key>developmentRegion</key>
			<string>English</string>
			<key>hasScannedForEncodings</key>
			<string>0</string>
			<key>isa</key>
			<string>PBXProject</string>
			<key>knownRegions</key>
			<array>
				<string>en</string>
			</array>
			<key>mainGroup</key>
			<string>11CB7A98180C338C0036D37A</string>
			<key>productRefGroup</key>
			<string>11CB7AA2180C338C0036D37A</string>
			<key>projectDirPath</key>
			<string></string>
			<key>projectReferences</key>
			<array/>
			<key>projectRoot</key>
			<string></string>
			<key>targets</key>
			<array>
				<string>11CB7AA0180C338C0036D37A</string>
				<string>11CB7ABB180C338C0036D37A</string>
			</array>
		</dict>
		<key>11CB7A9C180C338C0036D37A</key>
		<dict>
			<key>buildConfigurations</key>
			<array>
				<string>11CB7ACB180C338C0036D37A</string>
				<string>11CB7ACC180C338C0036D37A</string>
			</array>
			<key>defaultConfigurationIsVisible</key>
			<string>0</string>
			<key>defaultConfigurationName</key>
			<string>Release</string>
			<key>isa</key>
			<string>XCConfigurationList</string>
		</dict>
		<key>11CB7A9D180C338C0036D37A</key>
		<dict>
			<key>buildActionMask</key>
			<string>2147483647</string>
			<key>files</key>
			<array>
				<string>18A043091829460E0060BE3A</string>
				<string>18A0430C182986970060BE3A</string>
				<string>11CB7AB5180C338C0036D37A</string>
				<string>11CB7AB1180C338C0036D37A</string>
			</array>
			<key>isa</key>
			<string>PBXSourcesBuildPhase</string>
			<key>runOnlyForDeploymentPostprocessing</key>
			<string>0</string>
		</dict>
		<key>11CB7A9E180C338C0036D37A</key>
		<dict>
			<key>buildActionMask</key>
			<string>2147483647</string>
			<key>files</key>
			<array>
				<string>11CB7AA7180C338C0036D37A</string>
				<string>11CB7AA9180C338C0036D37A</string>
				<string>11CB7AA5180C338C0036D37A</string>
				<string>E895FCA3AC1E4D288F7D579E</string>
			</array>
			<key>isa</key>
			<string>PBXFrameworksBuildPhase</string>
			<key>runOnlyForDeploymentPostprocessing</key>
			<string>0</string>
		</dict>
		<key>11CB7A9F180C338C0036D37A</key>
		<dict>
			<key>buildActionMask</key>
			<string>2147483647</string>
			<key>files</key>
			<array>
				<string>11CB7AAF180C338C0036D37A</string>
				<string>11CB7AB7180C338C0036D37A</string>
			</array>
			<key>isa</key>
			<string>PBXResourcesBuildPhase</string>
			<key>runOnlyForDeploymentPostprocessing</key>
			<string>0</string>
		</dict>
		<key>11CB7AA0180C338C0036D37A</key>
		<dict>
			<key>buildConfigurationList</key>
			<string>11CB7ACD180C338C0036D37A</string>
			<key>buildPhases</key>
			<array>
				<string>28068DAD16454294BD165447</string>
				<string>11CB7A9D180C338C0036D37A</string>
				<string>11CB7A9E180C338C0036D37A</string>
				<string>11CB7A9F180C338C0036D37A</string>
				<string>370295FEC255439AA84BCEF7</string>
			</array>
			<key>buildRules</key>
			<array/>
			<key>dependencies</key>
			<array/>
			<key>isa</key>
			<string>PBXNativeTarget</string>
			<key>name</key>
			<string>ConstraintFormatter</string>
			<key>productName</key>
			<string>ConstraintFormatter</string>
			<key>productReference</key>
			<string>11CB7AA1180C338C0036D37A</string>
			<key>productType</key>
			<string>com.apple.product-type.application</string>
		</dict>
		<key>11CB7AA1180C338C0036D37A</key>
		<dict>
			<key>explicitFileType</key>
			<string>wrapper.application</string>
			<key>includeInIndex</key>
			<string>0</string>
			<key>isa</key>
			<string>PBXFileReference</string>
			<key>path</key>
			<string>ConstraintFormatter.app</string>
			<key>sourceTree</key>
			<string>BUILT_PRODUCTS_DIR</string>
		</dict>
		<key>11CB7AA2180C338C0036D37A</key>
		<dict>
			<key>children</key>
			<array>
				<string>11CB7AA1180C338C0036D37A</string>
				<string>11CB7ABC180C338C0036D37A</string>
			</array>
			<key>isa</key>
			<string>PBXGroup</string>
			<key>name</key>
			<string>Products</string>
			<key>sourceTree</key>
			<string>&lt;group&gt;</string>
		</dict>
		<key>11CB7AA3180C338C0036D37A</key>
		<dict>
			<key>children</key>
			<array>
				<string>11CB7AA4180C338C0036D37A</string>
				<string>11CB7AA6180C338C0036D37A</string>
				<string>11CB7AA8180C338C0036D37A</string>
				<string>11CB7ABD180C338C0036D37A</string>
				<string>2557FA3E3BA14599910FAE70</string>
				<string>F2154A7C12A94A30B1C22264</string>
			</array>
			<key>isa</key>
			<string>PBXGroup</string>
			<key>name</key>
			<string>Frameworks</string>
			<key>sourceTree</key>
			<string>&lt;group&gt;</string>
		</dict>
		<key>11CB7AA4180C338C0036D37A</key>
		<dict>
			<key>isa</key>
			<string>PBXFileReference</string>
			<key>lastKnownFileType</key>
			<string>wrapper.framework</string>
			<key>name</key>
			<string>Foundation.framework</string>
			<key>path</key>
			<string>System/Library/Frameworks/Foundation.framework</string>
			<key>sourceTree</key>
			<string>SDKROOT</string>
		</dict>
		<key>11CB7AA5180C338C0036D37A</key>
		<dict>
			<key>fileRef</key>
			<string>11CB7AA4180C338C0036D37A</string>
			<key>isa</key>
			<string>PBXBuildFile</string>
		</dict>
		<key>11CB7AA6180C338C0036D37A</key>
		<dict>
			<key>isa</key>
			<string>PBXFileReference</string>
			<key>lastKnownFileType</key>
			<string>wrapper.framework</string>
			<key>name</key>
			<string>CoreGraphics.framework</string>
			<key>path</key>
			<string>System/Library/Frameworks/CoreGraphics.framework</string>
			<key>sourceTree</key>
			<string>SDKROOT</string>
		</dict>
		<key>11CB7AA7180C338C0036D37A</key>
		<dict>
			<key>fileRef</key>
			<string>11CB7AA6180C338C0036D37A</string>
			<key>isa</key>
			<string>PBXBuildFile</string>
		</dict>
		<key>11CB7AA8180C338C0036D37A</key>
		<dict>
			<key>isa</key>
			<string>PBXFileReference</string>
			<key>lastKnownFileType</key>
			<string>wrapper.framework</string>
			<key>name</key>
			<string>UIKit.framework</string>
			<key>path</key>
			<string>System/Library/Frameworks/UIKit.framework</string>
			<key>sourceTree</key>
			<string>SDKROOT</string>
		</dict>
		<key>11CB7AA9180C338C0036D37A</key>
		<dict>
			<key>fileRef</key>
			<string>11CB7AA8180C338C0036D37A</string>
			<key>isa</key>
			<string>PBXBuildFile</string>
		</dict>
		<key>11CB7AAA180C338C0036D37A</key>
		<dict>
			<key>children</key>
			<array>
				<string>11CB7AB3180C338C0036D37A</string>
				<string>11CB7AB4180C338C0036D37A</string>
				<string>18A0430A182986970060BE3A</string>
				<string>18A0430B182986970060BE3A</string>
				<string>18A043071829460E0060BE3A</string>
				<string>18A043081829460E0060BE3A</string>
				<string>11CB7AB6180C338C0036D37A</string>
				<string>11CB7AAB180C338C0036D37A</string>
			</array>
			<key>isa</key>
			<string>PBXGroup</string>
			<key>path</key>
			<string>ConstraintFormatter</string>
			<key>sourceTree</key>
			<string>&lt;group&gt;</string>
		</dict>
		<key>11CB7AAB180C338C0036D37A</key>
		<dict>
			<key>children</key>
			<array>
				<string>11CB7AAC180C338C0036D37A</string>
				<string>11CB7AAD180C338C0036D37A</string>
				<string>11CB7AB0180C338C0036D37A</string>
				<string>11CB7AB2180C338C0036D37A</string>
			</array>
			<key>isa</key>
			<string>PBXGroup</string>
			<key>name</key>
			<string>Supporting Files</string>
			<key>sourceTree</key>
			<string>&lt;group&gt;</string>
		</dict>
		<key>11CB7AAC180C338C0036D37A</key>
		<dict>
			<key>isa</key>
			<string>PBXFileReference</string>
			<key>lastKnownFileType</key>
			<string>text.plist.xml</string>
			<key>path</key>
			<string>ConstraintFormatter-Info.plist</string>
			<key>sourceTree</key>
			<string>&lt;group&gt;</string>
		</dict>
		<key>11CB7AAD180C338C0036D37A</key>
		<dict>
			<key>children</key>
			<array>
				<string>11CB7AAE180C338C0036D37A</string>
			</array>
			<key>isa</key>
			<string>PBXVariantGroup</string>
			<key>name</key>
			<string>InfoPlist.strings</string>
			<key>sourceTree</key>
			<string>&lt;group&gt;</string>
		</dict>
		<key>11CB7AAE180C338C0036D37A</key>
		<dict>
			<key>isa</key>
			<string>PBXFileReference</string>
			<key>lastKnownFileType</key>
			<string>text.plist.strings</string>
			<key>name</key>
			<string>en</string>
			<key>path</key>
			<string>en.lproj/InfoPlist.strings</string>
			<key>sourceTree</key>
			<string>&lt;group&gt;</string>
		</dict>
		<key>11CB7AAF180C338C0036D37A</key>
		<dict>
			<key>fileRef</key>
			<string>11CB7AAD180C338C0036D37A</string>
			<key>isa</key>
			<string>PBXBuildFile</string>
		</dict>
		<key>11CB7AB0180C338C0036D37A</key>
		<dict>
			<key>isa</key>
			<string>PBXFileReference</string>
			<key>lastKnownFileType</key>
			<string>sourcecode.c.objc</string>
			<key>path</key>
			<string>main.m</string>
			<key>sourceTree</key>
			<string>&lt;group&gt;</string>
		</dict>
		<key>11CB7AB1180C338C0036D37A</key>
		<dict>
			<key>fileRef</key>
			<string>11CB7AB0180C338C0036D37A</string>
			<key>isa</key>
			<string>PBXBuildFile</string>
		</dict>
		<key>11CB7AB2180C338C0036D37A</key>
		<dict>
			<key>isa</key>
			<string>PBXFileReference</string>
			<key>lastKnownFileType</key>
			<string>sourcecode.c.h</string>
			<key>path</key>
			<string>ConstraintFormatter-Prefix.pch</string>
			<key>sourceTree</key>
			<string>&lt;group&gt;</string>
		</dict>
		<key>11CB7AB3180C338C0036D37A</key>
		<dict>
			<key>isa</key>
			<string>PBXFileReference</string>
			<key>lastKnownFileType</key>
			<string>sourcecode.c.h</string>
			<key>path</key>
			<string>AppDelegate.h</string>
			<key>sourceTree</key>
			<string>&lt;group&gt;</string>
		</dict>
		<key>11CB7AB4180C338C0036D37A</key>
		<dict>
			<key>isa</key>
			<string>PBXFileReference</string>
			<key>lastKnownFileType</key>
			<string>sourcecode.c.objc</string>
			<key>path</key>
			<string>AppDelegate.m</string>
			<key>sourceTree</key>
			<string>&lt;group&gt;</string>
		</dict>
		<key>11CB7AB5180C338C0036D37A</key>
		<dict>
			<key>fileRef</key>
			<string>11CB7AB4180C338C0036D37A</string>
			<key>isa</key>
			<string>PBXBuildFile</string>
		</dict>
		<key>11CB7AB6180C338C0036D37A</key>
		<dict>
			<key>isa</key>
			<string>PBXFileReference</string>
			<key>lastKnownFileType</key>
			<string>folder.assetcatalog</string>
			<key>path</key>
			<string>Images.xcassets</string>
			<key>sourceTree</key>
			<string>&lt;group&gt;</string>
		</dict>
		<key>11CB7AB7180C338C0036D37A</key>
		<dict>
			<key>fileRef</key>
			<string>11CB7AB6180C338C0036D37A</string>
			<key>isa</key>
			<string>PBXBuildFile</string>
		</dict>
		<key>11CB7AB8180C338C0036D37A</key>
		<dict>
			<key>buildActionMask</key>
			<string>2147483647</string>
			<key>files</key>
			<array>
				<string>11CB7ACA180C338C0036D37A</string>
			</array>
			<key>isa</key>
			<string>PBXSourcesBuildPhase</string>
			<key>runOnlyForDeploymentPostprocessing</key>
			<string>0</string>
		</dict>
		<key>11CB7AB9180C338C0036D37A</key>
		<dict>
			<key>buildActionMask</key>
			<string>2147483647</string>
			<key>files</key>
			<array>
				<string>11CB7ABE180C338C0036D37A</string>
				<string>11CB7AC0180C338C0036D37A</string>
				<string>11CB7ABF180C338C0036D37A</string>
				<string>02C2E8FD29734CA58B3FAA8C</string>
			</array>
			<key>isa</key>
			<string>PBXFrameworksBuildPhase</string>
			<key>runOnlyForDeploymentPostprocessing</key>
			<string>0</string>
		</dict>
		<key>11CB7ABA180C338C0036D37A</key>
		<dict>
			<key>buildActionMask</key>
			<string>2147483647</string>
			<key>files</key>
			<array>
				<string>11CB7AC8180C338C0036D37A</string>
			</array>
			<key>isa</key>
			<string>PBXResourcesBuildPhase</string>
			<key>runOnlyForDeploymentPostprocessing</key>
			<string>0</string>
		</dict>
		<key>11CB7ABB180C338C0036D37A</key>
		<dict>
			<key>buildConfigurationList</key>
			<string>11CB7AD0180C338C0036D37A</string>
			<key>buildPhases</key>
			<array>
				<string>8B2A1CABBBFD4B6692FF77EC</string>
				<string>11CB7AB8180C338C0036D37A</string>
				<string>11CB7AB9180C338C0036D37A</string>
				<string>11CB7ABA180C338C0036D37A</string>
				<string>00F7C41A1A3F46B29C2732F2</string>
			</array>
			<key>buildRules</key>
			<array/>
			<key>dependencies</key>
			<array>
				<string>11CB7AC2180C338C0036D37A</string>
			</array>
			<key>isa</key>
			<string>PBXNativeTarget</string>
			<key>name</key>
			<string>ConstraintFormatterTests</string>
			<key>productName</key>
			<string>ConstraintFormatterTests</string>
			<key>productReference</key>
			<string>11CB7ABC180C338C0036D37A</string>
			<key>productType</key>
			<string>com.apple.product-type.bundle.unit-test</string>
		</dict>
		<key>11CB7ABC180C338C0036D37A</key>
		<dict>
			<key>explicitFileType</key>
			<string>wrapper.cfbundle</string>
			<key>includeInIndex</key>
			<string>0</string>
			<key>isa</key>
			<string>PBXFileReference</string>
			<key>path</key>
			<string>ConstraintFormatterTests.xctest</string>
			<key>sourceTree</key>
			<string>BUILT_PRODUCTS_DIR</string>
		</dict>
		<key>11CB7ABD180C338C0036D37A</key>
		<dict>
			<key>isa</key>
			<string>PBXFileReference</string>
			<key>lastKnownFileType</key>
			<string>wrapper.framework</string>
			<key>name</key>
			<string>XCTest.framework</string>
			<key>path</key>
			<string>Library/Frameworks/XCTest.framework</string>
			<key>sourceTree</key>
			<string>DEVELOPER_DIR</string>
		</dict>
		<key>11CB7ABE180C338C0036D37A</key>
		<dict>
			<key>fileRef</key>
			<string>11CB7ABD180C338C0036D37A</string>
			<key>isa</key>
			<string>PBXBuildFile</string>
		</dict>
		<key>11CB7ABF180C338C0036D37A</key>
		<dict>
			<key>fileRef</key>
			<string>11CB7AA4180C338C0036D37A</string>
			<key>isa</key>
			<string>PBXBuildFile</string>
		</dict>
		<key>11CB7AC0180C338C0036D37A</key>
		<dict>
			<key>fileRef</key>
			<string>11CB7AA8180C338C0036D37A</string>
			<key>isa</key>
			<string>PBXBuildFile</string>
		</dict>
		<key>11CB7AC1180C338C0036D37A</key>
		<dict>
			<key>containerPortal</key>
			<string>11CB7A99180C338C0036D37A</string>
			<key>isa</key>
			<string>PBXContainerItemProxy</string>
			<key>proxyType</key>
			<string>1</string>
			<key>remoteGlobalIDString</key>
			<string>11CB7AA0180C338C0036D37A</string>
			<key>remoteInfo</key>
			<string>ConstraintFormatter</string>
		</dict>
		<key>11CB7AC2180C338C0036D37A</key>
		<dict>
			<key>isa</key>
			<string>PBXTargetDependency</string>
			<key>target</key>
			<string>11CB7AA0180C338C0036D37A</string>
			<key>targetProxy</key>
			<string>11CB7AC1180C338C0036D37A</string>
		</dict>
		<key>11CB7AC3180C338C0036D37A</key>
		<dict>
			<key>children</key>
			<array>
				<string>11CB7AC9180C338C0036D37A</string>
				<string>11CB7AC4180C338C0036D37A</string>
			</array>
			<key>isa</key>
			<string>PBXGroup</string>
			<key>path</key>
			<string>ConstraintFormatterTests</string>
			<key>sourceTree</key>
			<string>&lt;group&gt;</string>
		</dict>
		<key>11CB7AC4180C338C0036D37A</key>
		<dict>
			<key>children</key>
			<array>
				<string>11CB7AC5180C338C0036D37A</string>
				<string>11CB7AC6180C338C0036D37A</string>
			</array>
			<key>isa</key>
			<string>PBXGroup</string>
			<key>name</key>
			<string>Supporting Files</string>
			<key>sourceTree</key>
			<string>&lt;group&gt;</string>
		</dict>
		<key>11CB7AC5180C338C0036D37A</key>
		<dict>
			<key>isa</key>
			<string>PBXFileReference</string>
			<key>lastKnownFileType</key>
			<string>text.plist.xml</string>
			<key>path</key>
			<string>ConstraintFormatterTests-Info.plist</string>
			<key>sourceTree</key>
			<string>&lt;group&gt;</string>
		</dict>
		<key>11CB7AC6180C338C0036D37A</key>
		<dict>
			<key>children</key>
			<array>
				<string>11CB7AC7180C338C0036D37A</string>
			</array>
			<key>isa</key>
			<string>PBXVariantGroup</string>
			<key>name</key>
			<string>InfoPlist.strings</string>
			<key>sourceTree</key>
			<string>&lt;group&gt;</string>
		</dict>
		<key>11CB7AC7180C338C0036D37A</key>
		<dict>
			<key>isa</key>
			<string>PBXFileReference</string>
			<key>lastKnownFileType</key>
			<string>text.plist.strings</string>
			<key>name</key>
			<string>en</string>
			<key>path</key>
			<string>en.lproj/InfoPlist.strings</string>
			<key>sourceTree</key>
			<string>&lt;group&gt;</string>
		</dict>
		<key>11CB7AC8180C338C0036D37A</key>
		<dict>
			<key>fileRef</key>
			<string>11CB7AC6180C338C0036D37A</string>
			<key>isa</key>
			<string>PBXBuildFile</string>
		</dict>
		<key>11CB7AC9180C338C0036D37A</key>
		<dict>
			<key>isa</key>
			<string>PBXFileReference</string>
			<key>lastKnownFileType</key>
			<string>sourcecode.c.objc</string>
			<key>path</key>
			<string>ConstraintFormatterTests.m</string>
			<key>sourceTree</key>
			<string>&lt;group&gt;</string>
		</dict>
		<key>11CB7ACA180C338C0036D37A</key>
		<dict>
			<key>fileRef</key>
			<string>11CB7AC9180C338C0036D37A</string>
			<key>isa</key>
			<string>PBXBuildFile</string>
		</dict>
		<key>11CB7ACB180C338C0036D37A</key>
		<dict>
			<key>buildSettings</key>
			<dict>
				<key>ALWAYS_SEARCH_USER_PATHS</key>
				<string>NO</string>
				<key>ARCHS</key>
				<string>$(ARCHS_STANDARD_INCLUDING_64_BIT)</string>
				<key>CLANG_CXX_LANGUAGE_STANDARD</key>
				<string>gnu++0x</string>
				<key>CLANG_CXX_LIBRARY</key>
				<string>libc++</string>
				<key>CLANG_ENABLE_MODULES</key>
				<string>YES</string>
				<key>CLANG_ENABLE_OBJC_ARC</key>
				<string>YES</string>
				<key>CLANG_WARN_BOOL_CONVERSION</key>
				<string>YES</string>
				<key>CLANG_WARN_CONSTANT_CONVERSION</key>
				<string>YES</string>
				<key>CLANG_WARN_DIRECT_OBJC_ISA_USAGE</key>
				<string>YES_ERROR</string>
				<key>CLANG_WARN_EMPTY_BODY</key>
				<string>YES</string>
				<key>CLANG_WARN_ENUM_CONVERSION</key>
				<string>YES</string>
				<key>CLANG_WARN_INT_CONVERSION</key>
				<string>YES</string>
				<key>CLANG_WARN_OBJC_ROOT_CLASS</key>
				<string>YES_ERROR</string>
				<key>CLANG_WARN__DUPLICATE_METHOD_MATCH</key>
				<string>YES</string>
				<key>CODE_SIGN_IDENTITY[sdk=iphoneos*]</key>
				<string>iPhone Developer</string>
				<key>COPY_PHASE_STRIP</key>
				<string>NO</string>
				<key>GCC_C_LANGUAGE_STANDARD</key>
				<string>gnu99</string>
				<key>GCC_DYNAMIC_NO_PIC</key>
				<string>NO</string>
				<key>GCC_OPTIMIZATION_LEVEL</key>
				<string>0</string>
				<key>GCC_PREPROCESSOR_DEFINITIONS</key>
				<array>
					<string>DEBUG=1</string>
					<string>$(inherited)</string>
				</array>
				<key>GCC_SYMBOLS_PRIVATE_EXTERN</key>
				<string>NO</string>
				<key>GCC_WARN_64_TO_32_BIT_CONVERSION</key>
				<string>YES</string>
				<key>GCC_WARN_ABOUT_RETURN_TYPE</key>
				<string>YES_ERROR</string>
				<key>GCC_WARN_UNDECLARED_SELECTOR</key>
				<string>YES</string>
				<key>GCC_WARN_UNINITIALIZED_AUTOS</key>
				<string>YES</string>
				<key>GCC_WARN_UNUSED_FUNCTION</key>
				<string>YES</string>
				<key>GCC_WARN_UNUSED_VARIABLE</key>
				<string>YES</string>
				<key>IPHONEOS_DEPLOYMENT_TARGET</key>
				<string>7.0</string>
				<key>ONLY_ACTIVE_ARCH</key>
				<string>YES</string>
				<key>SDKROOT</key>
				<string>iphoneos</string>
				<key>TARGETED_DEVICE_FAMILY</key>
				<string>1,2</string>
			</dict>
			<key>isa</key>
			<string>XCBuildConfiguration</string>
			<key>name</key>
			<string>Debug</string>
		</dict>
		<key>11CB7ACC180C338C0036D37A</key>
		<dict>
			<key>buildSettings</key>
			<dict>
				<key>ALWAYS_SEARCH_USER_PATHS</key>
				<string>NO</string>
				<key>ARCHS</key>
				<string>$(ARCHS_STANDARD_INCLUDING_64_BIT)</string>
				<key>CLANG_CXX_LANGUAGE_STANDARD</key>
				<string>gnu++0x</string>
				<key>CLANG_CXX_LIBRARY</key>
				<string>libc++</string>
				<key>CLANG_ENABLE_MODULES</key>
				<string>YES</string>
				<key>CLANG_ENABLE_OBJC_ARC</key>
				<string>YES</string>
				<key>CLANG_WARN_BOOL_CONVERSION</key>
				<string>YES</string>
				<key>CLANG_WARN_CONSTANT_CONVERSION</key>
				<string>YES</string>
				<key>CLANG_WARN_DIRECT_OBJC_ISA_USAGE</key>
				<string>YES_ERROR</string>
				<key>CLANG_WARN_EMPTY_BODY</key>
				<string>YES</string>
				<key>CLANG_WARN_ENUM_CONVERSION</key>
				<string>YES</string>
				<key>CLANG_WARN_INT_CONVERSION</key>
				<string>YES</string>
				<key>CLANG_WARN_OBJC_ROOT_CLASS</key>
				<string>YES_ERROR</string>
				<key>CLANG_WARN__DUPLICATE_METHOD_MATCH</key>
				<string>YES</string>
				<key>CODE_SIGN_IDENTITY[sdk=iphoneos*]</key>
				<string>iPhone Developer</string>
				<key>COPY_PHASE_STRIP</key>
				<string>YES</string>
				<key>ENABLE_NS_ASSERTIONS</key>
				<string>NO</string>
				<key>GCC_C_LANGUAGE_STANDARD</key>
				<string>gnu99</string>
				<key>GCC_WARN_64_TO_32_BIT_CONVERSION</key>
				<string>YES</string>
				<key>GCC_WARN_ABOUT_RETURN_TYPE</key>
				<string>YES_ERROR</string>
				<key>GCC_WARN_UNDECLARED_SELECTOR</key>
				<string>YES</string>
				<key>GCC_WARN_UNINITIALIZED_AUTOS</key>
				<string>YES</string>
				<key>GCC_WARN_UNUSED_FUNCTION</key>
				<string>YES</string>
				<key>GCC_WARN_UNUSED_VARIABLE</key>
				<string>YES</string>
				<key>IPHONEOS_DEPLOYMENT_TARGET</key>
				<string>7.0</string>
				<key>SDKROOT</key>
				<string>iphoneos</string>
				<key>TARGETED_DEVICE_FAMILY</key>
				<string>1,2</string>
				<key>VALIDATE_PRODUCT</key>
				<string>YES</string>
			</dict>
			<key>isa</key>
			<string>XCBuildConfiguration</string>
			<key>name</key>
			<string>Release</string>
		</dict>
		<key>11CB7ACD180C338C0036D37A</key>
		<dict>
			<key>buildConfigurations</key>
			<array>
				<string>11CB7ACE180C338C0036D37A</string>
				<string>11CB7ACF180C338C0036D37A</string>
			</array>
			<key>defaultConfigurationIsVisible</key>
			<string>0</string>
			<key>defaultConfigurationName</key>
			<string>Release</string>
			<key>isa</key>
			<string>XCConfigurationList</string>
		</dict>
		<key>11CB7ACE180C338C0036D37A</key>
		<dict>
			<key>baseConfigurationReference</key>
			<string>11AB404804E29E9BA3085F93</string>
			<key>buildSettings</key>
			<dict>
				<key>ASSETCATALOG_COMPILER_APPICON_NAME</key>
				<string>AppIcon</string>
				<key>ASSETCATALOG_COMPILER_LAUNCHIMAGE_NAME</key>
				<string>LaunchImage</string>
				<key>GCC_PRECOMPILE_PREFIX_HEADER</key>
				<string>YES</string>
				<key>GCC_PREFIX_HEADER</key>
				<string>ConstraintFormatter/ConstraintFormatter-Prefix.pch</string>
				<key>INFOPLIST_FILE</key>
				<string>ConstraintFormatter/ConstraintFormatter-Info.plist</string>
				<key>PRODUCT_NAME</key>
				<string>$(TARGET_NAME)</string>
				<key>WRAPPER_EXTENSION</key>
				<string>app</string>
			</dict>
			<key>isa</key>
			<string>XCBuildConfiguration</string>
			<key>name</key>
			<string>Debug</string>
		</dict>
		<key>11CB7ACF180C338C0036D37A</key>
		<dict>
			<key>baseConfigurationReference</key>
			<string>D676631CAB57904158DA563D</string>
			<key>buildSettings</key>
			<dict>
				<key>ASSETCATALOG_COMPILER_APPICON_NAME</key>
				<string>AppIcon</string>
				<key>ASSETCATALOG_COMPILER_LAUNCHIMAGE_NAME</key>
				<string>LaunchImage</string>
				<key>GCC_PRECOMPILE_PREFIX_HEADER</key>
				<string>YES</string>
				<key>GCC_PREFIX_HEADER</key>
				<string>ConstraintFormatter/ConstraintFormatter-Prefix.pch</string>
				<key>INFOPLIST_FILE</key>
				<string>ConstraintFormatter/ConstraintFormatter-Info.plist</string>
				<key>PRODUCT_NAME</key>
				<string>$(TARGET_NAME)</string>
				<key>WRAPPER_EXTENSION</key>
				<string>app</string>
			</dict>
			<key>isa</key>
			<string>XCBuildConfiguration</string>
			<key>name</key>
			<string>Release</string>
		</dict>
		<key>11CB7AD0180C338C0036D37A</key>
		<dict>
			<key>buildConfigurations</key>
			<array>
				<string>11CB7AD1180C338C0036D37A</string>
				<string>11CB7AD2180C338C0036D37A</string>
			</array>
			<key>defaultConfigurationIsVisible</key>
			<string>0</string>
			<key>defaultConfigurationName</key>
			<string>Release</string>
			<key>isa</key>
			<string>XCConfigurationList</string>
		</dict>
		<key>11CB7AD1180C338C0036D37A</key>
		<dict>
			<key>baseConfigurationReference</key>
			<string>6D7B6F3EA921303E9F6DFC20</string>
			<key>buildSettings</key>
			<dict>
				<key>ARCHS</key>
				<string>$(ARCHS_STANDARD_INCLUDING_64_BIT)</string>
				<key>BUNDLE_LOADER</key>
				<string>$(BUILT_PRODUCTS_DIR)/ConstraintFormatter.app/ConstraintFormatter</string>
				<key>FRAMEWORK_SEARCH_PATHS</key>
				<array>
					<string>$(SDKROOT)/Developer/Library/Frameworks</string>
					<string>$(inherited)</string>
					<string>$(DEVELOPER_FRAMEWORKS_DIR)</string>
				</array>
				<key>GCC_PRECOMPILE_PREFIX_HEADER</key>
				<string>YES</string>
				<key>GCC_PREFIX_HEADER</key>
				<string>ConstraintFormatter/ConstraintFormatter-Prefix.pch</string>
				<key>GCC_PREPROCESSOR_DEFINITIONS</key>
				<array>
					<string>DEBUG=1</string>
					<string>$(inherited)</string>
				</array>
				<key>INFOPLIST_FILE</key>
				<string>ConstraintFormatterTests/ConstraintFormatterTests-Info.plist</string>
				<key>PRODUCT_NAME</key>
				<string>$(TARGET_NAME)</string>
				<key>TEST_HOST</key>
				<string>$(BUNDLE_LOADER)</string>
				<key>WRAPPER_EXTENSION</key>
				<string>xctest</string>
			</dict>
			<key>isa</key>
			<string>XCBuildConfiguration</string>
			<key>name</key>
			<string>Debug</string>
		</dict>
		<key>11CB7AD2180C338C0036D37A</key>
		<dict>
			<key>baseConfigurationReference</key>
			<string>BE7E0D1A1CD1606A1356C8D6</string>
			<key>buildSettings</key>
			<dict>
				<key>ARCHS</key>
				<string>$(ARCHS_STANDARD_INCLUDING_64_BIT)</string>
				<key>BUNDLE_LOADER</key>
				<string>$(BUILT_PRODUCTS_DIR)/ConstraintFormatter.app/ConstraintFormatter</string>
				<key>FRAMEWORK_SEARCH_PATHS</key>
				<array>
					<string>$(SDKROOT)/Developer/Library/Frameworks</string>
					<string>$(inherited)</string>
					<string>$(DEVELOPER_FRAMEWORKS_DIR)</string>
				</array>
				<key>GCC_PRECOMPILE_PREFIX_HEADER</key>
				<string>YES</string>
				<key>GCC_PREFIX_HEADER</key>
				<string>ConstraintFormatter/ConstraintFormatter-Prefix.pch</string>
				<key>INFOPLIST_FILE</key>
				<string>ConstraintFormatterTests/ConstraintFormatterTests-Info.plist</string>
				<key>PRODUCT_NAME</key>
				<string>$(TARGET_NAME)</string>
				<key>TEST_HOST</key>
				<string>$(BUNDLE_LOADER)</string>
				<key>WRAPPER_EXTENSION</key>
				<string>xctest</string>
			</dict>
			<key>isa</key>
			<string>XCBuildConfiguration</string>
			<key>name</key>
			<string>Release</string>
		</dict>
		<key>18A043071829460E0060BE3A</key>
		<dict>
			<key>fileEncoding</key>
			<string>4</string>
			<key>isa</key>
			<string>PBXFileReference</string>
			<key>lastKnownFileType</key>
			<string>sourcecode.c.h</string>
			<key>path</key>
			<string>ListController.h</string>
			<key>sourceTree</key>
			<string>&lt;group&gt;</string>
		</dict>
		<key>18A043081829460E0060BE3A</key>
		<dict>
			<key>fileEncoding</key>
			<string>4</string>
			<key>isa</key>
			<string>PBXFileReference</string>
			<key>lastKnownFileType</key>
			<string>sourcecode.c.objc</string>
			<key>path</key>
			<string>ListController.m</string>
			<key>sourceTree</key>
			<string>&lt;group&gt;</string>
		</dict>
		<key>18A043091829460E0060BE3A</key>
		<dict>
			<key>fileRef</key>
			<string>18A043081829460E0060BE3A</string>
			<key>isa</key>
			<string>PBXBuildFile</string>
		</dict>
		<key>18A0430A182986970060BE3A</key>
		<dict>
			<key>fileEncoding</key>
			<string>4</string>
			<key>isa</key>
			<string>PBXFileReference</string>
			<key>lastKnownFileType</key>
			<string>sourcecode.c.h</string>
			<key>path</key>
			<string>ExampleViewController.h</string>
			<key>sourceTree</key>
			<string>&lt;group&gt;</string>
		</dict>
		<key>18A0430B182986970060BE3A</key>
		<dict>
			<key>fileEncoding</key>
			<string>4</string>
			<key>isa</key>
			<string>PBXFileReference</string>
			<key>lastKnownFileType</key>
			<string>sourcecode.c.objc</string>
			<key>path</key>
			<string>ExampleViewController.m</string>
			<key>sourceTree</key>
			<string>&lt;group&gt;</string>
		</dict>
		<key>18A0430C182986970060BE3A</key>
		<dict>
			<key>fileRef</key>
			<string>18A0430B182986970060BE3A</string>
			<key>isa</key>
			<string>PBXBuildFile</string>
		</dict>
		<key>2557FA3E3BA14599910FAE70</key>
		<dict>
			<key>explicitFileType</key>
			<string>archive.ar</string>
			<key>includeInIndex</key>
			<string>0</string>
			<key>isa</key>
			<string>PBXFileReference</string>
			<key>path</key>
			<string>libPods.a</string>
			<key>sourceTree</key>
			<string>BUILT_PRODUCTS_DIR</string>
		</dict>
		<key>28068DAD16454294BD165447</key>
		<dict>
			<key>buildActionMask</key>
			<string>2147483647</string>
			<key>files</key>
			<array/>
			<key>inputPaths</key>
			<array/>
			<key>isa</key>
			<string>PBXShellScriptBuildPhase</string>
			<key>name</key>
			<string>Check Pods Manifest.lock</string>
			<key>outputPaths</key>
			<array/>
			<key>runOnlyForDeploymentPostprocessing</key>
			<string>0</string>
			<key>shellPath</key>
			<string>/bin/sh</string>
			<key>shellScript</key>
			<string>diff "${PODS_ROOT}/../Podfile.lock" "${PODS_ROOT}/Manifest.lock" &gt; /dev/null
if [[ $? != 0 ]] ; then
    cat &lt;&lt; EOM
error: The sandbox is not in sync with the Podfile.lock. Run 'pod install' or update your CocoaPods installation.
EOM
    exit 1
fi
</string>
			<key>showEnvVarsInLog</key>
			<string>0</string>
		</dict>
		<key>370295FEC255439AA84BCEF7</key>
		<dict>
			<key>buildActionMask</key>
			<string>2147483647</string>
			<key>files</key>
			<array/>
			<key>inputPaths</key>
			<array/>
			<key>isa</key>
			<string>PBXShellScriptBuildPhase</string>
			<key>name</key>
			<string>Copy Pods Resources</string>
			<key>outputPaths</key>
			<array/>
			<key>runOnlyForDeploymentPostprocessing</key>
			<string>0</string>
			<key>shellPath</key>
			<string>/bin/sh</string>
			<key>shellScript</key>
			<string>"${SRCROOT}/Pods/Target Support Files/Pods/Pods-resources.sh"
</string>
			<key>showEnvVarsInLog</key>
			<string>0</string>
		</dict>
		<key>6D7B6F3EA921303E9F6DFC20</key>
		<dict>
			<key>includeInIndex</key>
			<string>1</string>
			<key>isa</key>
			<string>PBXFileReference</string>
			<key>lastKnownFileType</key>
			<string>text.xcconfig</string>
			<key>name</key>
			<string>Pods-ConstraintFormatterTests.debug.xcconfig</string>
			<key>path</key>
			<string>Pods/Target Support Files/Pods-ConstraintFormatterTests/Pods-ConstraintFormatterTests.debug.xcconfig</string>
			<key>sourceTree</key>
			<string>&lt;group&gt;</string>
		</dict>
		<key>8B2A1CABBBFD4B6692FF77EC</key>
		<dict>
			<key>buildActionMask</key>
			<string>2147483647</string>
			<key>files</key>
			<array/>
			<key>inputPaths</key>
			<array/>
			<key>isa</key>
			<string>PBXShellScriptBuildPhase</string>
			<key>name</key>
			<string>Check Pods Manifest.lock</string>
			<key>outputPaths</key>
			<array/>
			<key>runOnlyForDeploymentPostprocessing</key>
			<string>0</string>
			<key>shellPath</key>
			<string>/bin/sh</string>
			<key>shellScript</key>
			<string>diff "${PODS_ROOT}/../Podfile.lock" "${PODS_ROOT}/Manifest.lock" &gt; /dev/null
if [[ $? != 0 ]] ; then
    cat &lt;&lt; EOM
error: The sandbox is not in sync with the Podfile.lock. Run 'pod install' or update your CocoaPods installation.
EOM
    exit 1
fi
</string>
			<key>showEnvVarsInLog</key>
			<string>0</string>
		</dict>
		<key>BE7E0D1A1CD1606A1356C8D6</key>
		<dict>
			<key>includeInIndex</key>
			<string>1</string>
			<key>isa</key>
			<string>PBXFileReference</string>
			<key>lastKnownFileType</key>
			<string>text.xcconfig</string>
			<key>name</key>
			<string>Pods-ConstraintFormatterTests.release.xcconfig</string>
			<key>path</key>
			<string>Pods/Target Support Files/Pods-ConstraintFormatterTests/Pods-ConstraintFormatterTests.release.xcconfig</string>
			<key>sourceTree</key>
			<string>&lt;group&gt;</string>
		</dict>
		<key>D676631CAB57904158DA563D</key>
		<dict>
			<key>includeInIndex</key>
			<string>1</string>
			<key>isa</key>
			<string>PBXFileReference</string>
			<key>lastKnownFileType</key>
			<string>text.xcconfig</string>
			<key>name</key>
			<string>Pods.release.xcconfig</string>
			<key>path</key>
			<string>Pods/Target Support Files/Pods/Pods.release.xcconfig</string>
			<key>sourceTree</key>
			<string>&lt;group&gt;</string>
		</dict>
		<key>E895FCA3AC1E4D288F7D579E</key>
		<dict>
			<key>fileRef</key>
			<string>2557FA3E3BA14599910FAE70</string>
			<key>isa</key>
			<string>PBXBuildFile</string>
		</dict>
		<key>F2154A7C12A94A30B1C22264</key>
		<dict>
			<key>explicitFileType</key>
			<string>archive.ar</string>
			<key>includeInIndex</key>
			<string>0</string>
			<key>isa</key>
			<string>PBXFileReference</string>
			<key>path</key>
			<string>libPods-ConstraintFormatterTests.a</string>
			<key>sourceTree</key>
			<string>BUILT_PRODUCTS_DIR</string>
		</dict>
	</dict>
	<key>rootObject</key>
	<string>11CB7A99180C338C0036D37A</string>
</dict>
</plist>
