// !$*UTF8*$!
{
	archiveVersion = 1;
	classes = {
	};
	objectVersion = 46;
	objects = {

/* Begin PBXBuildFile section */
		02C2E8FD29734CA58B3FAA8C /* libPods-ConstraintFormatterTests.a in Frameworks */ = {isa = PBXBuildFile; fileRef = F2154A7C12A94A30B1C22264 /* libPods-ConstraintFormatterTests.a */; };
		11CB7AA5180C338C0036D37A /* Foundation.framework in Frameworks */ = {isa = PBXBuildFile; fileRef = 11CB7AA4180C338C0036D37A /* Foundation.framework */; };
		11CB7AA7180C338C0036D37A /* CoreGraphics.framework in Frameworks */ = {isa = PBXBuildFile; fileRef = 11CB7AA6180C338C0036D37A /* CoreGraphics.framework */; };
		11CB7AA9180C338C0036D37A /* UIKit.framework in Frameworks */ = {isa = PBXBuildFile; fileRef = 11CB7AA8180C338C0036D37A /* UIKit.framework */; };
		11CB7AAF180C338C0036D37A /* InfoPlist.strings in Resources */ = {isa = PBXBuildFile; fileRef = 11CB7AAD180C338C0036D37A /* InfoPlist.strings */; };
		11CB7AB1180C338C0036D37A /* main.m in Sources */ = {isa = PBXBuildFile; fileRef = 11CB7AB0180C338C0036D37A /* main.m */; };
		11CB7AB5180C338C0036D37A /* AppDelegate.m in Sources */ = {isa = PBXBuildFile; fileRef = 11CB7AB4180C338C0036D37A /* AppDelegate.m */; };
		11CB7AB7180C338C0036D37A /* Images.xcassets in Resources */ = {isa = PBXBuildFile; fileRef = 11CB7AB6180C338C0036D37A /* Images.xcassets */; };
		11CB7ABE180C338C0036D37A /* XCTest.framework in Frameworks */ = {isa = PBXBuildFile; fileRef = 11CB7ABD180C338C0036D37A /* XCTest.framework */; };
		11CB7ABF180C338C0036D37A /* Foundation.framework in Frameworks */ = {isa = PBXBuildFile; fileRef = 11CB7AA4180C338C0036D37A /* Foundation.framework */; };
		11CB7AC0180C338C0036D37A /* UIKit.framework in Frameworks */ = {isa = PBXBuildFile; fileRef = 11CB7AA8180C338C0036D37A /* UIKit.framework */; };
		11CB7AC8180C338C0036D37A /* InfoPlist.strings in Resources */ = {isa = PBXBuildFile; fileRef = 11CB7AC6180C338C0036D37A /* InfoPlist.strings */; };
		11CB7ACA180C338C0036D37A /* ConstraintFormatterTests.m in Sources */ = {isa = PBXBuildFile; fileRef = 11CB7AC9180C338C0036D37A /* ConstraintFormatterTests.m */; };
		18A043091829460E0060BE3A /* ListController.m in Sources */ = {isa = PBXBuildFile; fileRef = 18A043081829460E0060BE3A /* ListController.m */; };
		18A0430C182986970060BE3A /* ExampleViewController.m in Sources */ = {isa = PBXBuildFile; fileRef = 18A0430B182986970060BE3A /* ExampleViewController.m */; };
		E895FCA3AC1E4D288F7D579E /* libPods.a in Frameworks */ = {isa = PBXBuildFile; fileRef = 2557FA3E3BA14599910FAE70 /* libPods.a */; };
/* End PBXBuildFile section */

/* Begin PBXContainerItemProxy section */
		11CB7AC1180C338C0036D37A /* PBXContainerItemProxy */ = {
			isa = PBXContainerItemProxy;
			containerPortal = 11CB7A99180C338C0036D37A /* Project object */;
			proxyType = 1;
			remoteGlobalIDString = 11CB7AA0180C338C0036D37A;
			remoteInfo = ConstraintFormatter;
		};
/* End PBXContainerItemProxy section */

/* Begin PBXFileReference section */
		022CA119E2634F0C93CC9F2D /* Pods.xcconfig */ = {isa = PBXFileReference; includeInIndex = 1; lastKnownFileType = text.xcconfig; name = Pods.xcconfig; path = Pods/Pods.xcconfig; sourceTree = "<group>"; };
		11CB7AA1180C338C0036D37A /* ConstraintFormatter.app */ = {isa = PBXFileReference; explicitFileType = wrapper.application; includeInIndex = 0; path = ConstraintFormatter.app; sourceTree = BUILT_PRODUCTS_DIR; };
		11CB7AA4180C338C0036D37A /* Foundation.framework */ = {isa = PBXFileReference; lastKnownFileType = wrapper.framework; name = Foundation.framework; path = System/Library/Frameworks/Foundation.framework; sourceTree = SDKROOT; };
		11CB7AA6180C338C0036D37A /* CoreGraphics.framework */ = {isa = PBXFileReference; lastKnownFileType = wrapper.framework; name = CoreGraphics.framework; path = System/Library/Frameworks/CoreGraphics.framework; sourceTree = SDKROOT; };
		11CB7AA8180C338C0036D37A /* UIKit.framework */ = {isa = PBXFileReference; lastKnownFileType = wrapper.framework; name = UIKit.framework; path = System/Library/Frameworks/UIKit.framework; sourceTree = SDKROOT; };
		11CB7AAC180C338C0036D37A /* ConstraintFormatter-Info.plist */ = {isa = PBXFileReference; lastKnownFileType = text.plist.xml; path = "ConstraintFormatter-Info.plist"; sourceTree = "<group>"; };
		11CB7AAE180C338C0036D37A /* en */ = {isa = PBXFileReference; lastKnownFileType = text.plist.strings; name = en; path = en.lproj/InfoPlist.strings; sourceTree = "<group>"; };
		11CB7AB0180C338C0036D37A /* main.m */ = {isa = PBXFileReference; lastKnownFileType = sourcecode.c.objc; path = main.m; sourceTree = "<group>"; };
		11CB7AB2180C338C0036D37A /* ConstraintFormatter-Prefix.pch */ = {isa = PBXFileReference; lastKnownFileType = sourcecode.c.h; path = "ConstraintFormatter-Prefix.pch"; sourceTree = "<group>"; };
		11CB7AB3180C338C0036D37A /* AppDelegate.h */ = {isa = PBXFileReference; lastKnownFileType = sourcecode.c.h; path = AppDelegate.h; sourceTree = "<group>"; };
		11CB7AB4180C338C0036D37A /* AppDelegate.m */ = {isa = PBXFileReference; lastKnownFileType = sourcecode.c.objc; path = AppDelegate.m; sourceTree = "<group>"; };
		11CB7AB6180C338C0036D37A /* Images.xcassets */ = {isa = PBXFileReference; lastKnownFileType = folder.assetcatalog; path = Images.xcassets; sourceTree = "<group>"; };
		11CB7ABC180C338C0036D37A /* ConstraintFormatterTests.xctest */ = {isa = PBXFileReference; explicitFileType = wrapper.cfbundle; includeInIndex = 0; path = ConstraintFormatterTests.xctest; sourceTree = BUILT_PRODUCTS_DIR; };
		11CB7ABD180C338C0036D37A /* XCTest.framework */ = {isa = PBXFileReference; lastKnownFileType = wrapper.framework; name = XCTest.framework; path = Library/Frameworks/XCTest.framework; sourceTree = DEVELOPER_DIR; };
		11CB7AC5180C338C0036D37A /* ConstraintFormatterTests-Info.plist */ = {isa = PBXFileReference; lastKnownFileType = text.plist.xml; path = "ConstraintFormatterTests-Info.plist"; sourceTree = "<group>"; };
		11CB7AC7180C338C0036D37A /* en */ = {isa = PBXFileReference; lastKnownFileType = text.plist.strings; name = en; path = en.lproj/InfoPlist.strings; sourceTree = "<group>"; };
		11CB7AC9180C338C0036D37A /* ConstraintFormatterTests.m */ = {isa = PBXFileReference; lastKnownFileType = sourcecode.c.objc; path = ConstraintFormatterTests.m; sourceTree = "<group>"; };
		18A043071829460E0060BE3A /* ListController.h */ = {isa = PBXFileReference; fileEncoding = 4; lastKnownFileType = sourcecode.c.h; path = ListController.h; sourceTree = "<group>"; };
		18A043081829460E0060BE3A /* ListController.m */ = {isa = PBXFileReference; fileEncoding = 4; lastKnownFileType = sourcecode.c.objc; path = ListController.m; sourceTree = "<group>"; };
		18A0430A182986970060BE3A /* ExampleViewController.h */ = {isa = PBXFileReference; fileEncoding = 4; lastKnownFileType = sourcecode.c.h; path = ExampleViewController.h; sourceTree = "<group>"; };
		18A0430B182986970060BE3A /* ExampleViewController.m */ = {isa = PBXFileReference; fileEncoding = 4; lastKnownFileType = sourcecode.c.objc; path = ExampleViewController.m; sourceTree = "<group>"; };
		2557FA3E3BA14599910FAE70 /* libPods.a */ = {isa = PBXFileReference; explicitFileType = archive.ar; includeInIndex = 0; path = libPods.a; sourceTree = BUILT_PRODUCTS_DIR; };
		D9907496FEFF4C75AD2C4328 /* Pods-ConstraintFormatterTests.xcconfig */ = {isa = PBXFileReference; includeInIndex = 1; lastKnownFileType = text.xcconfig; name = "Pods-ConstraintFormatterTests.xcconfig"; path = "Pods/Pods-ConstraintFormatterTests.xcconfig"; sourceTree = "<group>"; };
		F2154A7C12A94A30B1C22264 /* libPods-ConstraintFormatterTests.a */ = {isa = PBXFileReference; explicitFileType = archive.ar; includeInIndex = 0; path = "libPods-ConstraintFormatterTests.a"; sourceTree = BUILT_PRODUCTS_DIR; };
/* End PBXFileReference section */

/* Begin PBXFrameworksBuildPhase section */
		11CB7A9E180C338C0036D37A /* Frameworks */ = {
			isa = PBXFrameworksBuildPhase;
			buildActionMask = 2147483647;
			files = (
				11CB7AA7180C338C0036D37A /* CoreGraphics.framework in Frameworks */,
				11CB7AA9180C338C0036D37A /* UIKit.framework in Frameworks */,
				11CB7AA5180C338C0036D37A /* Foundation.framework in Frameworks */,
				E895FCA3AC1E4D288F7D579E /* libPods.a in Frameworks */,
			);
			runOnlyForDeploymentPostprocessing = 0;
		};
		11CB7AB9180C338C0036D37A /* Frameworks */ = {
			isa = PBXFrameworksBuildPhase;
			buildActionMask = 2147483647;
			files = (
				11CB7ABE180C338C0036D37A /* XCTest.framework in Frameworks */,
				11CB7AC0180C338C0036D37A /* UIKit.framework in Frameworks */,
				11CB7ABF180C338C0036D37A /* Foundation.framework in Frameworks */,
				02C2E8FD29734CA58B3FAA8C /* libPods-ConstraintFormatterTests.a in Frameworks */,
			);
			runOnlyForDeploymentPostprocessing = 0;
		};
/* End PBXFrameworksBuildPhase section */

/* Begin PBXGroup section */
		11CB7A98180C338C0036D37A = {
			isa = PBXGroup;
			children = (
				11CB7AAA180C338C0036D37A /* ConstraintFormatter */,
				11CB7AC3180C338C0036D37A /* ConstraintFormatterTests */,
				11CB7AA3180C338C0036D37A /* Frameworks */,
				11CB7AA2180C338C0036D37A /* Products */,
				022CA119E2634F0C93CC9F2D /* Pods.xcconfig */,
				D9907496FEFF4C75AD2C4328 /* Pods-ConstraintFormatterTests.xcconfig */,
			);
			sourceTree = "<group>";
		};
		11CB7AA2180C338C0036D37A /* Products */ = {
			isa = PBXGroup;
			children = (
				11CB7AA1180C338C0036D37A /* ConstraintFormatter.app */,
				11CB7ABC180C338C0036D37A /* ConstraintFormatterTests.xctest */,
			);
			name = Products;
			sourceTree = "<group>";
		};
		11CB7AA3180C338C0036D37A /* Frameworks */ = {
			isa = PBXGroup;
			children = (
				11CB7AA4180C338C0036D37A /* Foundation.framework */,
				11CB7AA6180C338C0036D37A /* CoreGraphics.framework */,
				11CB7AA8180C338C0036D37A /* UIKit.framework */,
				11CB7ABD180C338C0036D37A /* XCTest.framework */,
				2557FA3E3BA14599910FAE70 /* libPods.a */,
				F2154A7C12A94A30B1C22264 /* libPods-ConstraintFormatterTests.a */,
			);
			name = Frameworks;
			sourceTree = "<group>";
		};
		11CB7AAA180C338C0036D37A /* ConstraintFormatter */ = {
			isa = PBXGroup;
			children = (
				11CB7AB3180C338C0036D37A /* AppDelegate.h */,
				11CB7AB4180C338C0036D37A /* AppDelegate.m */,
				18A0430A182986970060BE3A /* ExampleViewController.h */,
				18A0430B182986970060BE3A /* ExampleViewController.m */,
				18A043071829460E0060BE3A /* ListController.h */,
				18A043081829460E0060BE3A /* ListController.m */,
				11CB7AB6180C338C0036D37A /* Images.xcassets */,
				11CB7AAB180C338C0036D37A /* Supporting Files */,
			);
			path = ConstraintFormatter;
			sourceTree = "<group>";
		};
		11CB7AAB180C338C0036D37A /* Supporting Files */ = {
			isa = PBXGroup;
			children = (
				11CB7AAC180C338C0036D37A /* ConstraintFormatter-Info.plist */,
				11CB7AAD180C338C0036D37A /* InfoPlist.strings */,
				11CB7AB0180C338C0036D37A /* main.m */,
				11CB7AB2180C338C0036D37A /* ConstraintFormatter-Prefix.pch */,
			);
			name = "Supporting Files";
			sourceTree = "<group>";
		};
		11CB7AC3180C338C0036D37A /* ConstraintFormatterTests */ = {
			isa = PBXGroup;
			children = (
				11CB7AC9180C338C0036D37A /* ConstraintFormatterTests.m */,
				11CB7AC4180C338C0036D37A /* Supporting Files */,
			);
			path = ConstraintFormatterTests;
			sourceTree = "<group>";
		};
		11CB7AC4180C338C0036D37A /* Supporting Files */ = {
			isa = PBXGroup;
			children = (
				11CB7AC5180C338C0036D37A /* ConstraintFormatterTests-Info.plist */,
				11CB7AC6180C338C0036D37A /* InfoPlist.strings */,
			);
			name = "Supporting Files";
			sourceTree = "<group>";
		};
/* End PBXGroup section */

/* Begin PBXNativeTarget section */
		11CB7AA0180C338C0036D37A /* ConstraintFormatter */ = {
			isa = PBXNativeTarget;
			buildConfigurationList = 11CB7ACD180C338C0036D37A /* Build configuration list for PBXNativeTarget "ConstraintFormatter" */;
			buildPhases = (
				28068DAD16454294BD165447 /* Check Pods Manifest.lock */,
				11CB7A9D180C338C0036D37A /* Sources */,
				11CB7A9E180C338C0036D37A /* Frameworks */,
				11CB7A9F180C338C0036D37A /* Resources */,
				370295FEC255439AA84BCEF7 /* Copy Pods Resources */,
			);
			buildRules = (
			);
			dependencies = (
			);
			name = ConstraintFormatter;
			productName = ConstraintFormatter;
			productReference = 11CB7AA1180C338C0036D37A /* ConstraintFormatter.app */;
			productType = "com.apple.product-type.application";
		};
		11CB7ABB180C338C0036D37A /* ConstraintFormatterTests */ = {
			isa = PBXNativeTarget;
			buildConfigurationList = 11CB7AD0180C338C0036D37A /* Build configuration list for PBXNativeTarget "ConstraintFormatterTests" */;
			buildPhases = (
				8B2A1CABBBFD4B6692FF77EC /* Check Pods Manifest.lock */,
				11CB7AB8180C338C0036D37A /* Sources */,
				11CB7AB9180C338C0036D37A /* Frameworks */,
				11CB7ABA180C338C0036D37A /* Resources */,
				00F7C41A1A3F46B29C2732F2 /* Copy Pods Resources */,
			);
			buildRules = (
			);
			dependencies = (
				11CB7AC2180C338C0036D37A /* PBXTargetDependency */,
			);
			name = ConstraintFormatterTests;
			productName = ConstraintFormatterTests;
			productReference = 11CB7ABC180C338C0036D37A /* ConstraintFormatterTests.xctest */;
			productType = "com.apple.product-type.bundle.unit-test";
		};
/* End PBXNativeTarget section */

/* Begin PBXProject section */
		11CB7A99180C338C0036D37A /* Project object */ = {
			isa = PBXProject;
			attributes = {
				LastUpgradeCheck = 0500;
				ORGANIZATIONNAME = "Gabriel Reis";
				TargetAttributes = {
					11CB7ABB180C338C0036D37A = {
						TestTargetID = 11CB7AA0180C338C0036D37A;
					};
				};
			};
			buildConfigurationList = 11CB7A9C180C338C0036D37A /* Build configuration list for PBXProject "ConstraintFormatter" */;
			compatibilityVersion = "Xcode 3.2";
			developmentRegion = English;
			hasScannedForEncodings = 0;
			knownRegions = (
				en,
			);
			mainGroup = 11CB7A98180C338C0036D37A;
			productRefGroup = 11CB7AA2180C338C0036D37A /* Products */;
			projectDirPath = "";
			projectRoot = "";
			targets = (
				11CB7AA0180C338C0036D37A /* ConstraintFormatter */,
				11CB7ABB180C338C0036D37A /* ConstraintFormatterTests */,
			);
		};
/* End PBXProject section */

/* Begin PBXResourcesBuildPhase section */
		11CB7A9F180C338C0036D37A /* Resources */ = {
			isa = PBXResourcesBuildPhase;
			buildActionMask = 2147483647;
			files = (
				11CB7AAF180C338C0036D37A /* InfoPlist.strings in Resources */,
				11CB7AB7180C338C0036D37A /* Images.xcassets in Resources */,
			);
			runOnlyForDeploymentPostprocessing = 0;
		};
		11CB7ABA180C338C0036D37A /* Resources */ = {
			isa = PBXResourcesBuildPhase;
			buildActionMask = 2147483647;
			files = (
				11CB7AC8180C338C0036D37A /* InfoPlist.strings in Resources */,
			);
			runOnlyForDeploymentPostprocessing = 0;
		};
/* End PBXResourcesBuildPhase section */

/* Begin PBXShellScriptBuildPhase section */
		00F7C41A1A3F46B29C2732F2 /* Copy Pods Resources */ = {
			isa = PBXShellScriptBuildPhase;
			buildActionMask = 2147483647;
			files = (
			);
			inputPaths = (
			);
			name = "Copy Pods Resources";
			outputPaths = (
			);
			runOnlyForDeploymentPostprocessing = 0;
			shellPath = /bin/sh;
			shellScript = "\"${SRCROOT}/Pods/Pods-ConstraintFormatterTests-resources.sh\"\n";
			showEnvVarsInLog = 0;
		};
		28068DAD16454294BD165447 /* Check Pods Manifest.lock */ = {
			isa = PBXShellScriptBuildPhase;
			buildActionMask = 2147483647;
			files = (
			);
			inputPaths = (
			);
			name = "Check Pods Manifest.lock";
			outputPaths = (
			);
			runOnlyForDeploymentPostprocessing = 0;
			shellPath = /bin/sh;
			shellScript = "diff \"${PODS_ROOT}/../Podfile.lock\" \"${PODS_ROOT}/Manifest.lock\" > /dev/null\nif [[ $? != 0 ]] ; then\n    cat << EOM\nerror: The sandbox is not in sync with the Podfile.lock. Run 'pod install' or update your CocoaPods installation.\nEOM\n    exit 1\nfi\n";
			showEnvVarsInLog = 0;
		};
		370295FEC255439AA84BCEF7 /* Copy Pods Resources */ = {
			isa = PBXShellScriptBuildPhase;
			buildActionMask = 2147483647;
			files = (
			);
			inputPaths = (
			);
			name = "Copy Pods Resources";
			outputPaths = (
			);
			runOnlyForDeploymentPostprocessing = 0;
			shellPath = /bin/sh;
			shellScript = "\"${SRCROOT}/Pods/Pods-resources.sh\"\n";
			showEnvVarsInLog = 0;
		};
		8B2A1CABBBFD4B6692FF77EC /* Check Pods Manifest.lock */ = {
			isa = PBXShellScriptBuildPhase;
			buildActionMask = 2147483647;
			files = (
			);
			inputPaths = (
			);
			name = "Check Pods Manifest.lock";
			outputPaths = (
			);
			runOnlyForDeploymentPostprocessing = 0;
			shellPath = /bin/sh;
			shellScript = "diff \"${PODS_ROOT}/../Podfile.lock\" \"${PODS_ROOT}/Manifest.lock\" > /dev/null\nif [[ $? != 0 ]] ; then\n    cat << EOM\nerror: The sandbox is not in sync with the Podfile.lock. Run 'pod install' or update your CocoaPods installation.\nEOM\n    exit 1\nfi\n";
			showEnvVarsInLog = 0;
		};
/* End PBXShellScriptBuildPhase section */

/* Begin PBXSourcesBuildPhase section */
		11CB7A9D180C338C0036D37A /* Sources */ = {
			isa = PBXSourcesBuildPhase;
			buildActionMask = 2147483647;
			files = (
				18A043091829460E0060BE3A /* ListController.m in Sources */,
				18A0430C182986970060BE3A /* ExampleViewController.m in Sources */,
				11CB7AB5180C338C0036D37A /* AppDelegate.m in Sources */,
				11CB7AB1180C338C0036D37A /* main.m in Sources */,
			);
			runOnlyForDeploymentPostprocessing = 0;
		};
		11CB7AB8180C338C0036D37A /* Sources */ = {
			isa = PBXSourcesBuildPhase;
			buildActionMask = 2147483647;
			files = (
				11CB7ACA180C338C0036D37A /* ConstraintFormatterTests.m in Sources */,
			);
			runOnlyForDeploymentPostprocessing = 0;
		};
/* End PBXSourcesBuildPhase section */

/* Begin PBXTargetDependency section */
		11CB7AC2180C338C0036D37A /* PBXTargetDependency */ = {
			isa = PBXTargetDependency;
			target = 11CB7AA0180C338C0036D37A /* ConstraintFormatter */;
			targetProxy = 11CB7AC1180C338C0036D37A /* PBXContainerItemProxy */;
		};
/* End PBXTargetDependency section */

/* Begin PBXVariantGroup section */
		11CB7AAD180C338C0036D37A /* InfoPlist.strings */ = {
			isa = PBXVariantGroup;
			children = (
				11CB7AAE180C338C0036D37A /* en */,
			);
			name = InfoPlist.strings;
			sourceTree = "<group>";
		};
		11CB7AC6180C338C0036D37A /* InfoPlist.strings */ = {
			isa = PBXVariantGroup;
			children = (
				11CB7AC7180C338C0036D37A /* en */,
			);
			name = InfoPlist.strings;
			sourceTree = "<group>";
		};
/* End PBXVariantGroup section */

/* Begin XCBuildConfiguration section */
		11CB7ACB180C338C0036D37A /* Debug */ = {
			isa = XCBuildConfiguration;
			buildSettings = {
				ALWAYS_SEARCH_USER_PATHS = NO;
				ARCHS = "$(ARCHS_STANDARD_INCLUDING_64_BIT)";
				CLANG_CXX_LANGUAGE_STANDARD = "gnu++0x";
				CLANG_CXX_LIBRARY = "libc++";
				CLANG_ENABLE_MODULES = YES;
				CLANG_ENABLE_OBJC_ARC = YES;
				CLANG_WARN_BOOL_CONVERSION = YES;
				CLANG_WARN_CONSTANT_CONVERSION = YES;
				CLANG_WARN_DIRECT_OBJC_ISA_USAGE = YES_ERROR;
				CLANG_WARN_EMPTY_BODY = YES;
				CLANG_WARN_ENUM_CONVERSION = YES;
				CLANG_WARN_INT_CONVERSION = YES;
				CLANG_WARN_OBJC_ROOT_CLASS = YES_ERROR;
				CLANG_WARN__DUPLICATE_METHOD_MATCH = YES;
				"CODE_SIGN_IDENTITY[sdk=iphoneos*]" = "iPhone Developer";
				COPY_PHASE_STRIP = NO;
				GCC_C_LANGUAGE_STANDARD = gnu99;
				GCC_DYNAMIC_NO_PIC = NO;
				GCC_OPTIMIZATION_LEVEL = 0;
				GCC_PREPROCESSOR_DEFINITIONS = (
					"DEBUG=1",
					"$(inherited)",
				);
				GCC_SYMBOLS_PRIVATE_EXTERN = NO;
				GCC_WARN_64_TO_32_BIT_CONVERSION = YES;
				GCC_WARN_ABOUT_RETURN_TYPE = YES_ERROR;
				GCC_WARN_UNDECLARED_SELECTOR = YES;
				GCC_WARN_UNINITIALIZED_AUTOS = YES;
				GCC_WARN_UNUSED_FUNCTION = YES;
				GCC_WARN_UNUSED_VARIABLE = YES;
				IPHONEOS_DEPLOYMENT_TARGET = 7.0;
				ONLY_ACTIVE_ARCH = YES;
				SDKROOT = iphoneos;
				TARGETED_DEVICE_FAMILY = "1,2";
			};
			name = Debug;
		};
		11CB7ACC180C338C0036D37A /* Release */ = {
			isa = XCBuildConfiguration;
			buildSettings = {
				ALWAYS_SEARCH_USER_PATHS = NO;
				ARCHS = "$(ARCHS_STANDARD_INCLUDING_64_BIT)";
				CLANG_CXX_LANGUAGE_STANDARD = "gnu++0x";
				CLANG_CXX_LIBRARY = "libc++";
				CLANG_ENABLE_MODULES = YES;
				CLANG_ENABLE_OBJC_ARC = YES;
				CLANG_WARN_BOOL_CONVERSION = YES;
				CLANG_WARN_CONSTANT_CONVERSION = YES;
				CLANG_WARN_DIRECT_OBJC_ISA_USAGE = YES_ERROR;
				CLANG_WARN_EMPTY_BODY = YES;
				CLANG_WARN_ENUM_CONVERSION = YES;
				CLANG_WARN_INT_CONVERSION = YES;
				CLANG_WARN_OBJC_ROOT_CLASS = YES_ERROR;
				CLANG_WARN__DUPLICATE_METHOD_MATCH = YES;
				"CODE_SIGN_IDENTITY[sdk=iphoneos*]" = "iPhone Developer";
				COPY_PHASE_STRIP = YES;
				ENABLE_NS_ASSERTIONS = NO;
				GCC_C_LANGUAGE_STANDARD = gnu99;
				GCC_WARN_64_TO_32_BIT_CONVERSION = YES;
				GCC_WARN_ABOUT_RETURN_TYPE = YES_ERROR;
				GCC_WARN_UNDECLARED_SELECTOR = YES;
				GCC_WARN_UNINITIALIZED_AUTOS = YES;
				GCC_WARN_UNUSED_FUNCTION = YES;
				GCC_WARN_UNUSED_VARIABLE = YES;
				IPHONEOS_DEPLOYMENT_TARGET = 7.0;
				SDKROOT = iphoneos;
				TARGETED_DEVICE_FAMILY = "1,2";
				VALIDATE_PRODUCT = YES;
			};
			name = Release;
		};
		11CB7ACE180C338C0036D37A /* Debug */ = {
			isa = XCBuildConfiguration;
			baseConfigurationReference = 022CA119E2634F0C93CC9F2D /* Pods.xcconfig */;
			buildSettings = {
				ASSETCATALOG_COMPILER_APPICON_NAME = AppIcon;
				ASSETCATALOG_COMPILER_LAUNCHIMAGE_NAME = LaunchImage;
				GCC_PRECOMPILE_PREFIX_HEADER = YES;
				GCC_PREFIX_HEADER = "ConstraintFormatter/ConstraintFormatter-Prefix.pch";
				INFOPLIST_FILE = "ConstraintFormatter/ConstraintFormatter-Info.plist";
				PRODUCT_NAME = "$(TARGET_NAME)";
				WRAPPER_EXTENSION = app;
			};
			name = Debug;
		};
		11CB7ACF180C338C0036D37A /* Release */ = {
			isa = XCBuildConfiguration;
			baseConfigurationReference = 022CA119E2634F0C93CC9F2D /* Pods.xcconfig */;
			buildSettings = {
				ASSETCATALOG_COMPILER_APPICON_NAME = AppIcon;
				ASSETCATALOG_COMPILER_LAUNCHIMAGE_NAME = LaunchImage;
				GCC_PRECOMPILE_PREFIX_HEADER = YES;
				GCC_PREFIX_HEADER = "ConstraintFormatter/ConstraintFormatter-Prefix.pch";
				INFOPLIST_FILE = "ConstraintFormatter/ConstraintFormatter-Info.plist";
				PRODUCT_NAME = "$(TARGET_NAME)";
				WRAPPER_EXTENSION = app;
			};
			name = Release;
		};
		11CB7AD1180C338C0036D37A /* Debug */ = {
			isa = XCBuildConfiguration;
			baseConfigurationReference = D9907496FEFF4C75AD2C4328 /* Pods-ConstraintFormatterTests.xcconfig */;
			buildSettings = {
				ARCHS = "$(ARCHS_STANDARD_INCLUDING_64_BIT)";
				BUNDLE_LOADER = "$(BUILT_PRODUCTS_DIR)/ConstraintFormatter.app/ConstraintFormatter";
				FRAMEWORK_SEARCH_PATHS = (
					"$(SDKROOT)/Developer/Library/Frameworks",
					"$(inherited)",
					"$(DEVELOPER_FRAMEWORKS_DIR)",
				);
				GCC_PRECOMPILE_PREFIX_HEADER = YES;
				GCC_PREFIX_HEADER = "ConstraintFormatter/ConstraintFormatter-Prefix.pch";
				GCC_PREPROCESSOR_DEFINITIONS = (
					"DEBUG=1",
					"$(inherited)",
				);
				INFOPLIST_FILE = "ConstraintFormatterTests/ConstraintFormatterTests-Info.plist";
				PRODUCT_NAME = "$(TARGET_NAME)";
				TEST_HOST = "$(BUNDLE_LOADER)";
				WRAPPER_EXTENSION = xctest;
			};
			name = Debug;
		};
		11CB7AD2180C338C0036D37A /* Release */ = {
			isa = XCBuildConfiguration;
			baseConfigurationReference = D9907496FEFF4C75AD2C4328 /* Pods-ConstraintFormatterTests.xcconfig */;
			buildSettings = {
				ARCHS = "$(ARCHS_STANDARD_INCLUDING_64_BIT)";
				BUNDLE_LOADER = "$(BUILT_PRODUCTS_DIR)/ConstraintFormatter.app/ConstraintFormatter";
				FRAMEWORK_SEARCH_PATHS = (
					"$(SDKROOT)/Developer/Library/Frameworks",
					"$(inherited)",
					"$(DEVELOPER_FRAMEWORKS_DIR)",
				);
				GCC_PRECOMPILE_PREFIX_HEADER = YES;
				GCC_PREFIX_HEADER = "ConstraintFormatter/ConstraintFormatter-Prefix.pch";
				INFOPLIST_FILE = "ConstraintFormatterTests/ConstraintFormatterTests-Info.plist";
				PRODUCT_NAME = "$(TARGET_NAME)";
				TEST_HOST = "$(BUNDLE_LOADER)";
				WRAPPER_EXTENSION = xctest;
			};
			name = Release;
		};
/* End XCBuildConfiguration section */

/* Begin XCConfigurationList section */
		11CB7A9C180C338C0036D37A /* Build configuration list for PBXProject "ConstraintFormatter" */ = {
			isa = XCConfigurationList;
			buildConfigurations = (
				11CB7ACB180C338C0036D37A /* Debug */,
				11CB7ACC180C338C0036D37A /* Release */,
			);
			defaultConfigurationIsVisible = 0;
			defaultConfigurationName = Release;
		};
		11CB7ACD180C338C0036D37A /* Build configuration list for PBXNativeTarget "ConstraintFormatter" */ = {
			isa = XCConfigurationList;
			buildConfigurations = (
				11CB7ACE180C338C0036D37A /* Debug */,
				11CB7ACF180C338C0036D37A /* Release */,
			);
			defaultConfigurationIsVisible = 0;
			defaultConfigurationName = Release;
		};
		11CB7AD0180C338C0036D37A /* Build configuration list for PBXNativeTarget "ConstraintFormatterTests" */ = {
			isa = XCConfigurationList;
			buildConfigurations = (
				11CB7AD1180C338C0036D37A /* Debug */,
				11CB7AD2180C338C0036D37A /* Release */,
			);
			defaultConfigurationIsVisible = 0;
			defaultConfigurationName = Release;
		};
/* End XCConfigurationList section */
	};
	rootObject = 11CB7A99180C338C0036D37A /* Project object */;
}
